
Microsoft Visual Studio Solution File, Format Version 12.00
# Visual Studio Version 17
VisualStudioVersion = 17.12.35707.178 d17.12
MinimumVisualStudioVersion = 10.0.40219.1
Project("{FAE04EC0-301F-11D3-BF4B-00C04F79EFBC}") = "React-Portfolio.Server", "React-Portfolio.Server\React-Portfolio.Server.csproj", "{8536AE33-3AEC-405A-BCFF-7D6512374B64}"
EndProject
Project("{54A90642-561A-4BB1-A94E-469ADEE60C69}") = "react-portfolio.client", "react-portfolio.client\react-portfolio.client.esproj", "{654B9EA3-5B4D-4BF1-BD2E-C0CEA3A3C147}"
EndProject
Global
	GlobalSection(SolutionConfigurationPlatforms) = preSolution
		Debug|Any CPU = Debug|Any CPU
		Release|Any CPU = Release|Any CPU
	EndGlobalSection
	GlobalSection(ProjectConfigurationPlatforms) = postSolution
		{8536AE33-3AEC-405A-BCFF-7D6512374B64}.Debug|Any CPU.ActiveCfg = Debug|Any CPU
		{8536AE33-3AEC-405A-BCFF-7D6512374B64}.Debug|Any CPU.Build.0 = Debug|Any CPU
		{8536AE33-3AEC-405A-BCFF-7D6512374B64}.Release|Any CPU.ActiveCfg = Release|Any CPU
		{8536AE33-3AEC-405A-BCFF-7D6512374B64}.Release|Any CPU.Build.0 = Release|Any CPU
		{654B9EA3-5B4D-4BF1-BD2E-C0CEA3A3C147}.Debug|Any CPU.ActiveCfg = Debug|Any CPU
		{654B9EA3-5B4D-4BF1-BD2E-C0CEA3A3C147}.Debug|Any CPU.Build.0 = Debug|Any CPU
		{654B9EA3-5B4D-4BF1-BD2E-C0CEA3A3C147}.Debug|Any CPU.Deploy.0 = Debug|Any CPU
		{654B9EA3-5B4D-4BF1-BD2E-C0CEA3A3C147}.Release|Any CPU.ActiveCfg = Release|Any CPU
		{654B9EA3-5B4D-4BF1-BD2E-C0CEA3A3C147}.Release|Any CPU.Build.0 = Release|Any CPU
		{654B9EA3-5B4D-4BF1-BD2E-C0CEA3A3C147}.Release|Any CPU.Deploy.0 = Release|Any CPU
	EndGlobalSection
	GlobalSection(SolutionProperties) = preSolution
		HideSolutionNode = FALSE
	EndGlobalSection
EndGlobal
